
Microsoft Visual Studio Solution File, Format Version 12.00
# Visual Studio 15
VisualStudioVersion = 15.0.27428.2037
MinimumVisualStudioVersion = 10.0.40219.1
Project("{8BC9CEB8-8B4A-11D0-8D11-00A0C91BC942}") = "7.1", "7.1.vcxproj", "{C999E5F9-67E0-4762-A9E9-D4CE22F2A3A5}"
EndProject
Project("{8BC9CEB8-8B4A-11D0-8D11-00A0C91BC942}") = "7.2", "..\7.2\7.2.vcxproj", "{76FBBD0D-36A1-4B7C-98CC-C8C65D19B125}"
EndProject
Project("{8BC9CEB8-8B4A-11D0-8D11-00A0C91BC942}") = "7.3", "7.3\7.3.vcxproj", "{12F4F1DD-A3AC-4A1F-A34B-39CD1416FBEC}"
EndProject
Project("{8BC9CEB8-8B4A-11D0-8D11-00A0C91BC942}") = "7.4", "7.4\7.4.vcxproj", "{C14111B2-1C11-4453-8207-E0CE7D321E29}"
EndProject
Project("{8BC9CEB8-8B4A-11D0-8D11-00A0C91BC942}") = "7.5", "7.5\7.5.vcxproj", "{44C91DEC-3BB2-4566-B813-F636A41DD3DC}"
EndProject
Project("{8BC9CEB8-8B4A-11D0-8D11-00A0C91BC942}") = "7.6", "7.6\7.6.vcxproj", "{7CA83CDF-84D8-4684-90C1-E9D6E29CDD7F}"
EndProject
Project("{8BC9CEB8-8B4A-11D0-8D11-00A0C91BC942}") = "7.7", "7.7\7.7.vcxproj", "{5B83220B-1BFC-47C5-B0AC-4A62C4D0149B}"
EndProject
Project("{8BC9CEB8-8B4A-11D0-8D11-00A0C91BC942}") = "7.8", "..\7.8\7.8.vcxproj", "{4AC04745-53A9-4197-8E9E-961B5B1AEEFA}"
EndProject
Project("{8BC9CEB8-8B4A-11D0-8D11-00A0C91BC942}") = "7.9", "7.9\7.9.vcxproj", "{A129781D-DEB6-4AFD-B5BF-962D9D92823F}"
EndProject
Project("{8BC9CEB8-8B4A-11D0-8D11-00A0C91BC942}") = "7.10", "7.10\7.10.vcxproj", "{2F3B7E46-B75E-42F9-8666-392D6083A175}"
EndProject
Project("{8BC9CEB8-8B4A-11D0-8D11-00A0C91BC942}") = "7.11", "7.11\7.11.vcxproj", "{8DF887B0-867B-40DD-8992-89FD6853A810}"
EndProject
Project("{8BC9CEB8-8B4A-11D0-8D11-00A0C91BC942}") = "7.12", "7.12\7.12.vcxproj", "{F62CCDD5-4ED4-498F-83D7-14869E481B8D}"
EndProject
Global
	GlobalSection(SolutionConfigurationPlatforms) = preSolution
		Debug|x64 = Debug|x64
		Debug|x86 = Debug|x86
		Release|x64 = Release|x64
		Release|x86 = Release|x86
	EndGlobalSection
	GlobalSection(ProjectConfigurationPlatforms) = postSolution
		{C999E5F9-67E0-4762-A9E9-D4CE22F2A3A5}.Debug|x64.ActiveCfg = Debug|x64
		{C999E5F9-67E0-4762-A9E9-D4CE22F2A3A5}.Debug|x64.Build.0 = Debug|x64
		{C999E5F9-67E0-4762-A9E9-D4CE22F2A3A5}.Debug|x86.ActiveCfg = Debug|Win32
		{C999E5F9-67E0-4762-A9E9-D4CE22F2A3A5}.Debug|x86.Build.0 = Debug|Win32
		{C999E5F9-67E0-4762-A9E9-D4CE22F2A3A5}.Release|x64.ActiveCfg = Release|x64
		{C999E5F9-67E0-4762-A9E9-D4CE22F2A3A5}.Release|x64.Build.0 = Release|x64
		{C999E5F9-67E0-4762-A9E9-D4CE22F2A3A5}.Release|x86.ActiveCfg = Release|Win32
		{C999E5F9-67E0-4762-A9E9-D4CE22F2A3A5}.Release|x86.Build.0 = Release|Win32
		{76FBBD0D-36A1-4B7C-98CC-C8C65D19B125}.Debug|x64.ActiveCfg = Debug|x64
		{76FBBD0D-36A1-4B7C-98CC-C8C65D19B125}.Debug|x64.Build.0 = Debug|x64
		{76FBBD0D-36A1-4B7C-98CC-C8C65D19B125}.Debug|x86.ActiveCfg = Debug|Win32
		{76FBBD0D-36A1-4B7C-98CC-C8C65D19B125}.Debug|x86.Build.0 = Debug|Win32
		{76FBBD0D-36A1-4B7C-98CC-C8C65D19B125}.Release|x64.ActiveCfg = Release|x64
		{76FBBD0D-36A1-4B7C-98CC-C8C65D19B125}.Release|x64.Build.0 = Release|x64
		{76FBBD0D-36A1-4B7C-98CC-C8C65D19B125}.Release|x86.ActiveCfg = Release|Win32
		{76FBBD0D-36A1-4B7C-98CC-C8C65D19B125}.Release|x86.Build.0 = Release|Win32
		{12F4F1DD-A3AC-4A1F-A34B-39CD1416FBEC}.Debug|x64.ActiveCfg = Debug|x64
		{12F4F1DD-A3AC-4A1F-A34B-39CD1416FBEC}.Debug|x64.Build.0 = Debug|x64
		{12F4F1DD-A3AC-4A1F-A34B-39CD1416FBEC}.Debug|x86.ActiveCfg = Debug|Win32
		{12F4F1DD-A3AC-4A1F-A34B-39CD1416FBEC}.Debug|x86.Build.0 = Debug|Win32
		{12F4F1DD-A3AC-4A1F-A34B-39CD1416FBEC}.Release|x64.ActiveCfg = Release|x64
		{12F4F1DD-A3AC-4A1F-A34B-39CD1416FBEC}.Release|x64.Build.0 = Release|x64
		{12F4F1DD-A3AC-4A1F-A34B-39CD1416FBEC}.Release|x86.ActiveCfg = Release|Win32
		{12F4F1DD-A3AC-4A1F-A34B-39CD1416FBEC}.Release|x86.Build.0 = Release|Win32
		{C14111B2-1C11-4453-8207-E0CE7D321E29}.Debug|x64.ActiveCfg = Debug|x64
		{C14111B2-1C11-4453-8207-E0CE7D321E29}.Debug|x64.Build.0 = Debug|x64
		{C14111B2-1C11-4453-8207-E0CE7D321E29}.Debug|x86.ActiveCfg = Debug|Win32
		{C14111B2-1C11-4453-8207-E0CE7D321E29}.Debug|x86.Build.0 = Debug|Win32
		{C14111B2-1C11-4453-8207-E0CE7D321E29}.Release|x64.ActiveCfg = Release|x64
		{C14111B2-1C11-4453-8207-E0CE7D321E29}.Release|x64.Build.0 = Release|x64
		{C14111B2-1C11-4453-8207-E0CE7D321E29}.Release|x86.ActiveCfg = Release|Win32
		{C14111B2-1C11-4453-8207-E0CE7D321E29}.Release|x86.Build.0 = Release|Win32
		{44C91DEC-3BB2-4566-B813-F636A41DD3DC}.Debug|x64.ActiveCfg = Debug|x64
		{44C91DEC-3BB2-4566-B813-F636A41DD3DC}.Debug|x64.Build.0 = Debug|x64
		{44C91DEC-3BB2-4566-B813-F636A41DD3DC}.Debug|x86.ActiveCfg = Debug|Win32
		{44C91DEC-3BB2-4566-B813-F636A41DD3DC}.Debug|x86.Build.0 = Debug|Win32
		{44C91DEC-3BB2-4566-B813-F636A41DD3DC}.Release|x64.ActiveCfg = Release|x64
		{44C91DEC-3BB2-4566-B813-F636A41DD3DC}.Release|x64.Build.0 = Release|x64
		{44C91DEC-3BB2-4566-B813-F636A41DD3DC}.Release|x86.ActiveCfg = Release|Win32
		{44C91DEC-3BB2-4566-B813-F636A41DD3DC}.Release|x86.Build.0 = Release|Win32
		{7CA83CDF-84D8-4684-90C1-E9D6E29CDD7F}.Debug|x64.ActiveCfg = Debug|x64
		{7CA83CDF-84D8-4684-90C1-E9D6E29CDD7F}.Debug|x64.Build.0 = Debug|x64
		{7CA83CDF-84D8-4684-90C1-E9D6E29CDD7F}.Debug|x86.ActiveCfg = Debug|Win32
		{7CA83CDF-84D8-4684-90C1-E9D6E29CDD7F}.Debug|x86.Build.0 = Debug|Win32
		{7CA83CDF-84D8-4684-90C1-E9D6E29CDD7F}.Release|x64.ActiveCfg = Release|x64
		{7CA83CDF-84D8-4684-90C1-E9D6E29CDD7F}.Release|x64.Build.0 = Release|x64
		{7CA83CDF-84D8-4684-90C1-E9D6E29CDD7F}.Release|x86.ActiveCfg = Release|Win32
		{7CA83CDF-84D8-4684-90C1-E9D6E29CDD7F}.Release|x86.Build.0 = Release|Win32
		{5B83220B-1BFC-47C5-B0AC-4A62C4D0149B}.Debug|x64.ActiveCfg = Debug|x64
		{5B83220B-1BFC-47C5-B0AC-4A62C4D0149B}.Debug|x64.Build.0 = Debug|x64
		{5B83220B-1BFC-47C5-B0AC-4A62C4D0149B}.Debug|x86.ActiveCfg = Debug|Win32
		{5B83220B-1BFC-47C5-B0AC-4A62C4D0149B}.Debug|x86.Build.0 = Debug|Win32
		{5B83220B-1BFC-47C5-B0AC-4A62C4D0149B}.Release|x64.ActiveCfg = Release|x64
		{5B83220B-1BFC-47C5-B0AC-4A62C4D0149B}.Release|x64.Build.0 = Release|x64
		{5B83220B-1BFC-47C5-B0AC-4A62C4D0149B}.Release|x86.ActiveCfg = Release|Win32
		{5B83220B-1BFC-47C5-B0AC-4A62C4D0149B}.Release|x86.Build.0 = Release|Win32
		{4AC04745-53A9-4197-8E9E-961B5B1AEEFA}.Debug|x64.ActiveCfg = Debug|x64
		{4AC04745-53A9-4197-8E9E-961B5B1AEEFA}.Debug|x64.Build.0 = Debug|x64
		{4AC04745-53A9-4197-8E9E-961B5B1AEEFA}.Debug|x86.ActiveCfg = Debug|Win32
		{4AC04745-53A9-4197-8E9E-961B5B1AEEFA}.Debug|x86.Build.0 = Debug|Win32
		{4AC04745-53A9-4197-8E9E-961B5B1AEEFA}.Release|x64.ActiveCfg = Release|x64
		{4AC04745-53A9-4197-8E9E-961B5B1AEEFA}.Release|x64.Build.0 = Release|x64
		{4AC04745-53A9-4197-8E9E-961B5B1AEEFA}.Release|x86.ActiveCfg = Release|Win32
		{4AC04745-53A9-4197-8E9E-961B5B1AEEFA}.Release|x86.Build.0 = Release|Win32
		{A129781D-DEB6-4AFD-B5BF-962D9D92823F}.Debug|x64.ActiveCfg = Debug|x64
		{A129781D-DEB6-4AFD-B5BF-962D9D92823F}.Debug|x64.Build.0 = Debug|x64
		{A129781D-DEB6-4AFD-B5BF-962D9D92823F}.Debug|x86.ActiveCfg = Debug|Win32
		{A129781D-DEB6-4AFD-B5BF-962D9D92823F}.Debug|x86.Build.0 = Debug|Win32
		{A129781D-DEB6-4AFD-B5BF-962D9D92823F}.Release|x64.ActiveCfg = Release|x64
		{A129781D-DEB6-4AFD-B5BF-962D9D92823F}.Release|x64.Build.0 = Release|x64
		{A129781D-DEB6-4AFD-B5BF-962D9D92823F}.Release|x86.ActiveCfg = Release|Win32
		{A129781D-DEB6-4AFD-B5BF-962D9D92823F}.Release|x86.Build.0 = Release|Win32
		{2F3B7E46-B75E-42F9-8666-392D6083A175}.Debug|x64.ActiveCfg = Debug|x64
		{2F3B7E46-B75E-42F9-8666-392D6083A175}.Debug|x64.Build.0 = Debug|x64
		{2F3B7E46-B75E-42F9-8666-392D6083A175}.Debug|x86.ActiveCfg = Debug|Win32
		{2F3B7E46-B75E-42F9-8666-392D6083A175}.Debug|x86.Build.0 = Debug|Win32
		{2F3B7E46-B75E-42F9-8666-392D6083A175}.Release|x64.ActiveCfg = Release|x64
		{2F3B7E46-B75E-42F9-8666-392D6083A175}.Release|x64.Build.0 = Release|x64
		{2F3B7E46-B75E-42F9-8666-392D6083A175}.Release|x86.ActiveCfg = Release|Win32
		{2F3B7E46-B75E-42F9-8666-392D6083A175}.Release|x86.Build.0 = Release|Win32
		{8DF887B0-867B-40DD-8992-89FD6853A810}.Debug|x64.ActiveCfg = Debug|x64
		{8DF887B0-867B-40DD-8992-89FD6853A810}.Debug|x64.Build.0 = Debug|x64
		{8DF887B0-867B-40DD-8992-89FD6853A810}.Debug|x86.ActiveCfg = Debug|Win32
		{8DF887B0-867B-40DD-8992-89FD6853A810}.Debug|x86.Build.0 = Debug|Win32
		{8DF887B0-867B-40DD-8992-89FD6853A810}.Release|x64.ActiveCfg = Release|x64
		{8DF887B0-867B-40DD-8992-89FD6853A810}.Release|x64.Build.0 = Release|x64
		{8DF887B0-867B-40DD-8992-89FD6853A810}.Release|x86.ActiveCfg = Release|Win32
		{8DF887B0-867B-40DD-8992-89FD6853A810}.Release|x86.Build.0 = Release|Win32
		{F62CCDD5-4ED4-498F-83D7-14869E481B8D}.Debug|x64.ActiveCfg = Debug|x64
		{F62CCDD5-4ED4-498F-83D7-14869E481B8D}.Debug|x64.Build.0 = Debug|x64
		{F62CCDD5-4ED4-498F-83D7-14869E481B8D}.Debug|x86.ActiveCfg = Debug|Win32
		{F62CCDD5-4ED4-498F-83D7-14869E481B8D}.Debug|x86.Build.0 = Debug|Win32
		{F62CCDD5-4ED4-498F-83D7-14869E481B8D}.Release|x64.ActiveCfg = Release|x64
		{F62CCDD5-4ED4-498F-83D7-14869E481B8D}.Release|x64.Build.0 = Release|x64
		{F62CCDD5-4ED4-498F-83D7-14869E481B8D}.Release|x86.ActiveCfg = Release|Win32
		{F62CCDD5-4ED4-498F-83D7-14869E481B8D}.Release|x86.Build.0 = Release|Win32
	EndGlobalSection
	GlobalSection(SolutionProperties) = preSolution
		HideSolutionNode = FALSE
	EndGlobalSection
	GlobalSection(ExtensibilityGlobals) = postSolution
		SolutionGuid = {3C680139-5DCF-4F25-B2CC-DB88DE3631B0}
	EndGlobalSection
EndGlobal
